
Microsoft Visual Studio Solution File, Format Version 12.00
# Visual Studio Version 16
VisualStudioVersion = 16.0.29411.108
MinimumVisualStudioVersion = 10.0.40219.1
Project("{8BC9CEB8-8B4A-11D0-8D11-00A0C91BC942}") = "permutation", "permutation\permutation.vcxproj", "{8B4F3B36-5959-4671-9A9F-96F7F80FB28F}"
EndProject
Project("{8BC9CEB8-8B4A-11D0-8D11-00A0C91BC942}") = "KMP", "KMP\KMP.vcxproj", "{798907CA-741C-4A73-9D64-55499CFAD94A}"
EndProject
Project("{8BC9CEB8-8B4A-11D0-8D11-00A0C91BC942}") = "PolynomialArray", "PolynomialArray\PolynomialArray.vcxproj", "{395891C5-F078-43EB-8C60-8135D1178F92}"
EndProject
Project("{8BC9CEB8-8B4A-11D0-8D11-00A0C91BC942}") = "SelectionSort", "SelectionSort\SelectionSort.vcxproj", "{E163B614-DE15-4B4A-BE33-52AD1DD60114}"
EndProject
Global
	GlobalSection(SolutionConfigurationPlatforms) = preSolution
		Debug|x64 = Debug|x64
		Debug|x86 = Debug|x86
		Release|x64 = Release|x64
		Release|x86 = Release|x86
	EndGlobalSection
	GlobalSection(ProjectConfigurationPlatforms) = postSolution
		{8B4F3B36-5959-4671-9A9F-96F7F80FB28F}.Debug|x64.ActiveCfg = Debug|x64
		{8B4F3B36-5959-4671-9A9F-96F7F80FB28F}.Debug|x64.Build.0 = Debug|x64
		{8B4F3B36-5959-4671-9A9F-96F7F80FB28F}.Debug|x86.ActiveCfg = Debug|Win32
		{8B4F3B36-5959-4671-9A9F-96F7F80FB28F}.Debug|x86.Build.0 = Debug|Win32
		{8B4F3B36-5959-4671-9A9F-96F7F80FB28F}.Release|x64.ActiveCfg = Release|x64
		{8B4F3B36-5959-4671-9A9F-96F7F80FB28F}.Release|x64.Build.0 = Release|x64
		{8B4F3B36-5959-4671-9A9F-96F7F80FB28F}.Release|x86.ActiveCfg = Release|Win32
		{8B4F3B36-5959-4671-9A9F-96F7F80FB28F}.Release|x86.Build.0 = Release|Win32
		{798907CA-741C-4A73-9D64-55499CFAD94A}.Debug|x64.ActiveCfg = Debug|x64
		{798907CA-741C-4A73-9D64-55499CFAD94A}.Debug|x64.Build.0 = Debug|x64
		{798907CA-741C-4A73-9D64-55499CFAD94A}.Debug|x86.ActiveCfg = Debug|Win32
		{798907CA-741C-4A73-9D64-55499CFAD94A}.Debug|x86.Build.0 = Debug|Win32
		{798907CA-741C-4A73-9D64-55499CFAD94A}.Release|x64.ActiveCfg = Release|x64
		{798907CA-741C-4A73-9D64-55499CFAD94A}.Release|x64.Build.0 = Release|x64
		{798907CA-741C-4A73-9D64-55499CFAD94A}.Release|x86.ActiveCfg = Release|Win32
		{798907CA-741C-4A73-9D64-55499CFAD94A}.Release|x86.Build.0 = Release|Win32
		{395891C5-F078-43EB-8C60-8135D1178F92}.Debug|x64.ActiveCfg = Debug|x64
		{395891C5-F078-43EB-8C60-8135D1178F92}.Debug|x64.Build.0 = Debug|x64
		{395891C5-F078-43EB-8C60-8135D1178F92}.Debug|x86.ActiveCfg = Debug|Win32
		{395891C5-F078-43EB-8C60-8135D1178F92}.Debug|x86.Build.0 = Debug|Win32
		{395891C5-F078-43EB-8C60-8135D1178F92}.Release|x64.ActiveCfg = Release|x64
		{395891C5-F078-43EB-8C60-8135D1178F92}.Release|x64.Build.0 = Release|x64
		{395891C5-F078-43EB-8C60-8135D1178F92}.Release|x86.ActiveCfg = Release|Win32
		{395891C5-F078-43EB-8C60-8135D1178F92}.Release|x86.Build.0 = Release|Win32
		{E163B614-DE15-4B4A-BE33-52AD1DD60114}.Debug|x64.ActiveCfg = Debug|x64
		{E163B614-DE15-4B4A-BE33-52AD1DD60114}.Debug|x64.Build.0 = Debug|x64
		{E163B614-DE15-4B4A-BE33-52AD1DD60114}.Debug|x86.ActiveCfg = Debug|Win32
		{E163B614-DE15-4B4A-BE33-52AD1DD60114}.Debug|x86.Build.0 = Debug|Win32
		{E163B614-DE15-4B4A-BE33-52AD1DD60114}.Release|x64.ActiveCfg = Release|x64
		{E163B614-DE15-4B4A-BE33-52AD1DD60114}.Release|x64.Build.0 = Release|x64
		{E163B614-DE15-4B4A-BE33-52AD1DD60114}.Release|x86.ActiveCfg = Release|Win32
		{E163B614-DE15-4B4A-BE33-52AD1DD60114}.Release|x86.Build.0 = Release|Win32
	EndGlobalSection
	GlobalSection(SolutionProperties) = preSolution
		HideSolutionNode = FALSE
	EndGlobalSection
	GlobalSection(ExtensibilityGlobals) = postSolution
		SolutionGuid = {A6920295-2974-4A5D-90C0-234E6BFE73C8}
	EndGlobalSection
EndGlobal
