
Microsoft Visual Studio Solution File, Format Version 12.00
# Visual Studio Version 16
VisualStudioVersion = 16.0.29411.108
MinimumVisualStudioVersion = 10.0.40219.1
Project("{8BC9CEB8-8B4A-11D0-8D11-00A0C91BC942}") = "Permutation", "Permutation\Permutation.vcxproj", "{8B4F3B36-5959-4671-9A9F-96F7F80FB28F}"
EndProject
Project("{8BC9CEB8-8B4A-11D0-8D11-00A0C91BC942}") = "KMP", "KMP\KMP.vcxproj", "{798907CA-741C-4A73-9D64-55499CFAD94A}"
EndProject
Project("{8BC9CEB8-8B4A-11D0-8D11-00A0C91BC942}") = "SelectionSort", "SelectionSort\SelectionSort.vcxproj", "{E163B614-DE15-4B4A-BE33-52AD1DD60114}"
EndProject
Project("{8BC9CEB8-8B4A-11D0-8D11-00A0C91BC942}") = "BinarySearch", "BinarySearch\BinarySearch.vcxproj", "{CCA0BBFD-48C2-41CA-BF78-AD2AE91E33E1}"
EndProject
Project("{8BC9CEB8-8B4A-11D0-8D11-00A0C91BC942}") = "FindNLargestNumber", "FindNLargestNumber\FindNLargestNumber.vcxproj", "{AF2EC6D3-39F8-44A8-870E-98A620CD9F7C}"
EndProject
Project("{8BC9CEB8-8B4A-11D0-8D11-00A0C91BC942}") = "ForAndRecursive", "ForAndRecursive\ForAndRecursive.vcxproj", "{40655291-D201-4B9E-B87A-5AE4C68FA444}"
EndProject
Global
	GlobalSection(SolutionConfigurationPlatforms) = preSolution
		Debug|x64 = Debug|x64
		Debug|x86 = Debug|x86
		Release|x64 = Release|x64
		Release|x86 = Release|x86
	EndGlobalSection
	GlobalSection(ProjectConfigurationPlatforms) = postSolution
		{8B4F3B36-5959-4671-9A9F-96F7F80FB28F}.Debug|x64.ActiveCfg = Debug|x64
		{8B4F3B36-5959-4671-9A9F-96F7F80FB28F}.Debug|x64.Build.0 = Debug|x64
		{8B4F3B36-5959-4671-9A9F-96F7F80FB28F}.Debug|x86.ActiveCfg = Debug|Win32
		{8B4F3B36-5959-4671-9A9F-96F7F80FB28F}.Debug|x86.Build.0 = Debug|Win32
		{8B4F3B36-5959-4671-9A9F-96F7F80FB28F}.Release|x64.ActiveCfg = Release|x64
		{8B4F3B36-5959-4671-9A9F-96F7F80FB28F}.Release|x64.Build.0 = Release|x64
		{8B4F3B36-5959-4671-9A9F-96F7F80FB28F}.Release|x86.ActiveCfg = Release|Win32
		{8B4F3B36-5959-4671-9A9F-96F7F80FB28F}.Release|x86.Build.0 = Release|Win32
		{798907CA-741C-4A73-9D64-55499CFAD94A}.Debug|x64.ActiveCfg = Debug|x64
		{798907CA-741C-4A73-9D64-55499CFAD94A}.Debug|x64.Build.0 = Debug|x64
		{798907CA-741C-4A73-9D64-55499CFAD94A}.Debug|x86.ActiveCfg = Debug|Win32
		{798907CA-741C-4A73-9D64-55499CFAD94A}.Debug|x86.Build.0 = Debug|Win32
		{798907CA-741C-4A73-9D64-55499CFAD94A}.Release|x64.ActiveCfg = Release|x64
		{798907CA-741C-4A73-9D64-55499CFAD94A}.Release|x64.Build.0 = Release|x64
		{798907CA-741C-4A73-9D64-55499CFAD94A}.Release|x86.ActiveCfg = Release|Win32
		{798907CA-741C-4A73-9D64-55499CFAD94A}.Release|x86.Build.0 = Release|Win32
		{E163B614-DE15-4B4A-BE33-52AD1DD60114}.Debug|x64.ActiveCfg = Debug|x64
		{E163B614-DE15-4B4A-BE33-52AD1DD60114}.Debug|x64.Build.0 = Debug|x64
		{E163B614-DE15-4B4A-BE33-52AD1DD60114}.Debug|x86.ActiveCfg = Debug|Win32
		{E163B614-DE15-4B4A-BE33-52AD1DD60114}.Debug|x86.Build.0 = Debug|Win32
		{E163B614-DE15-4B4A-BE33-52AD1DD60114}.Release|x64.ActiveCfg = Release|x64
		{E163B614-DE15-4B4A-BE33-52AD1DD60114}.Release|x64.Build.0 = Release|x64
		{E163B614-DE15-4B4A-BE33-52AD1DD60114}.Release|x86.ActiveCfg = Release|Win32
		{E163B614-DE15-4B4A-BE33-52AD1DD60114}.Release|x86.Build.0 = Release|Win32
		{CCA0BBFD-48C2-41CA-BF78-AD2AE91E33E1}.Debug|x64.ActiveCfg = Debug|x64
		{CCA0BBFD-48C2-41CA-BF78-AD2AE91E33E1}.Debug|x64.Build.0 = Debug|x64
		{CCA0BBFD-48C2-41CA-BF78-AD2AE91E33E1}.Debug|x86.ActiveCfg = Debug|Win32
		{CCA0BBFD-48C2-41CA-BF78-AD2AE91E33E1}.Debug|x86.Build.0 = Debug|Win32
		{CCA0BBFD-48C2-41CA-BF78-AD2AE91E33E1}.Release|x64.ActiveCfg = Release|x64
		{CCA0BBFD-48C2-41CA-BF78-AD2AE91E33E1}.Release|x64.Build.0 = Release|x64
		{CCA0BBFD-48C2-41CA-BF78-AD2AE91E33E1}.Release|x86.ActiveCfg = Release|Win32
		{CCA0BBFD-48C2-41CA-BF78-AD2AE91E33E1}.Release|x86.Build.0 = Release|Win32
		{AF2EC6D3-39F8-44A8-870E-98A620CD9F7C}.Debug|x64.ActiveCfg = Debug|x64
		{AF2EC6D3-39F8-44A8-870E-98A620CD9F7C}.Debug|x64.Build.0 = Debug|x64
		{AF2EC6D3-39F8-44A8-870E-98A620CD9F7C}.Debug|x86.ActiveCfg = Debug|Win32
		{AF2EC6D3-39F8-44A8-870E-98A620CD9F7C}.Debug|x86.Build.0 = Debug|Win32
		{AF2EC6D3-39F8-44A8-870E-98A620CD9F7C}.Release|x64.ActiveCfg = Release|x64
		{AF2EC6D3-39F8-44A8-870E-98A620CD9F7C}.Release|x64.Build.0 = Release|x64
		{AF2EC6D3-39F8-44A8-870E-98A620CD9F7C}.Release|x86.ActiveCfg = Release|Win32
		{AF2EC6D3-39F8-44A8-870E-98A620CD9F7C}.Release|x86.Build.0 = Release|Win32
		{40655291-D201-4B9E-B87A-5AE4C68FA444}.Debug|x64.ActiveCfg = Debug|x64
		{40655291-D201-4B9E-B87A-5AE4C68FA444}.Debug|x64.Build.0 = Debug|x64
		{40655291-D201-4B9E-B87A-5AE4C68FA444}.Debug|x86.ActiveCfg = Debug|Win32
		{40655291-D201-4B9E-B87A-5AE4C68FA444}.Debug|x86.Build.0 = Debug|Win32
		{40655291-D201-4B9E-B87A-5AE4C68FA444}.Release|x64.ActiveCfg = Release|x64
		{40655291-D201-4B9E-B87A-5AE4C68FA444}.Release|x64.Build.0 = Release|x64
		{40655291-D201-4B9E-B87A-5AE4C68FA444}.Release|x86.ActiveCfg = Release|Win32
		{40655291-D201-4B9E-B87A-5AE4C68FA444}.Release|x86.Build.0 = Release|Win32
	EndGlobalSection
	GlobalSection(SolutionProperties) = preSolution
		HideSolutionNode = FALSE
	EndGlobalSection
	GlobalSection(ExtensibilityGlobals) = postSolution
		SolutionGuid = {A6920295-2974-4A5D-90C0-234E6BFE73C8}
	EndGlobalSection
EndGlobal
